// !$*UTF8*$!
{
	archiveVersion = 1;
	classes = {
	};
	objectVersion = 50;
	objects = {

/* Begin PBXBuildFile section */
		CF1C1EBE26F3A797001B2D1E /* DemoCoreAudioApp.swift in Sources */ = {isa = PBXBuildFile; fileRef = CF1C1EBD26F3A797001B2D1E /* DemoCoreAudioApp.swift */; };
		CF1C1EC226F3A7A2001B2D1E /* Assets.xcassets in Resources */ = {isa = PBXBuildFile; fileRef = CF1C1EC126F3A7A2001B2D1E /* Assets.xcassets */; };
		CF1C1EC526F3A7A2001B2D1E /* Preview Assets.xcassets in Resources */ = {isa = PBXBuildFile; fileRef = CF1C1EC426F3A7A2001B2D1E /* Preview Assets.xcassets */; };
		CF1C1ECF26F3CC9C001B2D1E /* Color+Additions.swift in Sources */ = {isa = PBXBuildFile; fileRef = CF1C1ECE26F3CC9C001B2D1E /* Color+Additions.swift */; };
		CF1C1ED226F3CCD5001B2D1E /* Image+Additions.swift in Sources */ = {isa = PBXBuildFile; fileRef = CF1C1ED126F3CCD5001B2D1E /* Image+Additions.swift */; };
		CF1C1ED626F3CE19001B2D1E /* PlaybackValue.swift in Sources */ = {isa = PBXBuildFile; fileRef = CF1C1ED526F3CE19001B2D1E /* PlaybackValue.swift */; };
		CF1C1EDA26F3CE53001B2D1E /* PlayerTime.swift in Sources */ = {isa = PBXBuildFile; fileRef = CF1C1ED926F3CE53001B2D1E /* PlayerTime.swift */; };
		CF1C1EDD26F3CE7E001B2D1E /* TimeConstant.swift in Sources */ = {isa = PBXBuildFile; fileRef = CF1C1EDC26F3CE7E001B2D1E /* TimeConstant.swift */; };
		CF1C1EE126F3CEE6001B2D1E /* PlayerViewModel.swift in Sources */ = {isa = PBXBuildFile; fileRef = CF1C1EE026F3CEE6001B2D1E /* PlayerViewModel.swift */; };
		CF1C1EE526F3CF2C001B2D1E /* PlayerView.swift in Sources */ = {isa = PBXBuildFile; fileRef = CF1C1EE426F3CF2C001B2D1E /* PlayerView.swift */; };
		CF1C1EE926F3D0A2001B2D1E /* musicItem.mp3 in Resources */ = {isa = PBXBuildFile; fileRef = CF1C1EE826F3D0A2001B2D1E /* musicItem.mp3 */; };
/* End PBXBuildFile section */

/* Begin PBXFileReference section */
		CF1C1EBA26F3A797001B2D1E /* DemoCoreAudio.app */ = {isa = PBXFileReference; explicitFileType = wrapper.application; includeInIndex = 0; path = DemoCoreAudio.app; sourceTree = BUILT_PRODUCTS_DIR; };
		CF1C1EBD26F3A797001B2D1E /* DemoCoreAudioApp.swift */ = {isa = PBXFileReference; lastKnownFileType = sourcecode.swift; path = DemoCoreAudioApp.swift; sourceTree = "<group>"; };
		CF1C1EC126F3A7A2001B2D1E /* Assets.xcassets */ = {isa = PBXFileReference; lastKnownFileType = folder.assetcatalog; path = Assets.xcassets; sourceTree = "<group>"; };
		CF1C1EC426F3A7A2001B2D1E /* Preview Assets.xcassets */ = {isa = PBXFileReference; lastKnownFileType = folder.assetcatalog; path = "Preview Assets.xcassets"; sourceTree = "<group>"; };
		CF1C1EC626F3A7A2001B2D1E /* Info.plist */ = {isa = PBXFileReference; lastKnownFileType = text.plist.xml; path = Info.plist; sourceTree = "<group>"; };
		CF1C1ECE26F3CC9C001B2D1E /* Color+Additions.swift */ = {isa = PBXFileReference; lastKnownFileType = sourcecode.swift; path = "Color+Additions.swift"; sourceTree = "<group>"; };
		CF1C1ED126F3CCD5001B2D1E /* Image+Additions.swift */ = {isa = PBXFileReference; lastKnownFileType = sourcecode.swift; path = "Image+Additions.swift"; sourceTree = "<group>"; };
		CF1C1ED526F3CE19001B2D1E /* PlaybackValue.swift */ = {isa = PBXFileReference; lastKnownFileType = sourcecode.swift; path = PlaybackValue.swift; sourceTree = "<group>"; };
		CF1C1ED926F3CE53001B2D1E /* PlayerTime.swift */ = {isa = PBXFileReference; lastKnownFileType = sourcecode.swift; path = PlayerTime.swift; sourceTree = "<group>"; };
		CF1C1EDC26F3CE7E001B2D1E /* TimeConstant.swift */ = {isa = PBXFileReference; lastKnownFileType = sourcecode.swift; path = TimeConstant.swift; sourceTree = "<group>"; };
		CF1C1EE026F3CEE6001B2D1E /* PlayerViewModel.swift */ = {isa = PBXFileReference; lastKnownFileType = sourcecode.swift; path = PlayerViewModel.swift; sourceTree = "<group>"; };
		CF1C1EE426F3CF2C001B2D1E /* PlayerView.swift */ = {isa = PBXFileReference; lastKnownFileType = sourcecode.swift; path = PlayerView.swift; sourceTree = "<group>"; };
		CF1C1EE826F3D0A2001B2D1E /* musicItem.mp3 */ = {isa = PBXFileReference; lastKnownFileType = audio.mp3; path = musicItem.mp3; sourceTree = "<group>"; };
/* End PBXFileReference section */

/* Begin PBXFrameworksBuildPhase section */
		CF1C1EB726F3A797001B2D1E /* Frameworks */ = {
			isa = PBXFrameworksBuildPhase;
			buildActionMask = 2147483647;
			files = (
			);
			runOnlyForDeploymentPostprocessing = 0;
		};
/* End PBXFrameworksBuildPhase section */

/* Begin PBXGroup section */
		CF1C1EB126F3A797001B2D1E = {
			isa = PBXGroup;
			children = (
				CF1C1EBC26F3A797001B2D1E /* DemoCoreAudio */,
				CF1C1EBB26F3A797001B2D1E /* Products */,
			);
			sourceTree = "<group>";
		};
		CF1C1EBB26F3A797001B2D1E /* Products */ = {
			isa = PBXGroup;
			children = (
				CF1C1EBA26F3A797001B2D1E /* DemoCoreAudio.app */,
			);
			name = Products;
			sourceTree = "<group>";
		};
		CF1C1EBC26F3A797001B2D1E /* DemoCoreAudio */ = {
			isa = PBXGroup;
			children = (
				CF1C1EE326F3CF07001B2D1E /* Views */,
				CF1C1EDF26F3CEBC001B2D1E /* ViewModel */,
				CF1C1ED426F3CDFB001B2D1E /* Models */,
				CF1C1ECD26F3CC60001B2D1E /* Extensions */,
				CF1C1EBD26F3A797001B2D1E /* DemoCoreAudioApp.swift */,
				CF1C1EE826F3D0A2001B2D1E /* musicItem.mp3 */,
				CF1C1EC126F3A7A2001B2D1E /* Assets.xcassets */,
				CF1C1EC626F3A7A2001B2D1E /* Info.plist */,
				CF1C1EC326F3A7A2001B2D1E /* Preview Content */,
			);
			path = DemoCoreAudio;
			sourceTree = "<group>";
		};
		CF1C1EC326F3A7A2001B2D1E /* Preview Content */ = {
			isa = PBXGroup;
			children = (
				CF1C1EC426F3A7A2001B2D1E /* Preview Assets.xcassets */,
			);
			path = "Preview Content";
			sourceTree = "<group>";
		};
		CF1C1ECD26F3CC60001B2D1E /* Extensions */ = {
			isa = PBXGroup;
			children = (
				CF1C1ECE26F3CC9C001B2D1E /* Color+Additions.swift */,
				CF1C1ED126F3CCD5001B2D1E /* Image+Additions.swift */,
			);
			path = Extensions;
			sourceTree = "<group>";
		};
		CF1C1ED426F3CDFB001B2D1E /* Models */ = {
			isa = PBXGroup;
			children = (
				CF1C1ED526F3CE19001B2D1E /* PlaybackValue.swift */,
				CF1C1ED926F3CE53001B2D1E /* PlayerTime.swift */,
				CF1C1EDC26F3CE7E001B2D1E /* TimeConstant.swift */,
			);
			path = Models;
			sourceTree = "<group>";
		};
		CF1C1EDF26F3CEBC001B2D1E /* ViewModel */ = {
			isa = PBXGroup;
			children = (
				CF1C1EE026F3CEE6001B2D1E /* PlayerViewModel.swift */,
			);
			path = ViewModel;
			sourceTree = "<group>";
		};
		CF1C1EE326F3CF07001B2D1E /* Views */ = {
			isa = PBXGroup;
			children = (
				CF1C1EE426F3CF2C001B2D1E /* PlayerView.swift */,
			);
			path = Views;
			sourceTree = "<group>";
		};
/* End PBXGroup section */

/* Begin PBXNativeTarget section */
		CF1C1EB926F3A797001B2D1E /* DemoCoreAudio */ = {
			isa = PBXNativeTarget;
			buildConfigurationList = CF1C1EC926F3A7A2001B2D1E /* Build configuration list for PBXNativeTarget "DemoCoreAudio" */;
			buildPhases = (
				CF1C1EB626F3A797001B2D1E /* Sources */,
				CF1C1EB726F3A797001B2D1E /* Frameworks */,
				CF1C1EB826F3A797001B2D1E /* Resources */,
			);
			buildRules = (
			);
			dependencies = (
			);
			name = DemoCoreAudio;
			productName = DemoCoreAudio;
			productReference = CF1C1EBA26F3A797001B2D1E /* DemoCoreAudio.app */;
			productType = "com.apple.product-type.application";
		};
/* End PBXNativeTarget section */

/* Begin PBXProject section */
		CF1C1EB226F3A797001B2D1E /* Project object */ = {
			isa = PBXProject;
			attributes = {
				LastSwiftUpdateCheck = 1220;
				LastUpgradeCheck = 1220;
				TargetAttributes = {
					CF1C1EB926F3A797001B2D1E = {
						CreatedOnToolsVersion = 12.2;
					};
				};
			};
			buildConfigurationList = CF1C1EB526F3A797001B2D1E /* Build configuration list for PBXProject "DemoCoreAudio" */;
			compatibilityVersion = "Xcode 9.3";
			developmentRegion = en;
			hasScannedForEncodings = 0;
			knownRegions = (
				en,
				Base,
			);
			mainGroup = CF1C1EB126F3A797001B2D1E;
			productRefGroup = CF1C1EBB26F3A797001B2D1E /* Products */;
			projectDirPath = "";
			projectRoot = "";
			targets = (
				CF1C1EB926F3A797001B2D1E /* DemoCoreAudio */,
			);
		};
/* End PBXProject section */

/* Begin PBXResourcesBuildPhase section */
		CF1C1EB826F3A797001B2D1E /* Resources */ = {
			isa = PBXResourcesBuildPhase;
			buildActionMask = 2147483647;
			files = (
				CF1C1EE926F3D0A2001B2D1E /* musicItem.mp3 in Resources */,
				CF1C1EC526F3A7A2001B2D1E /* Preview Assets.xcassets in Resources */,
				CF1C1EC226F3A7A2001B2D1E /* Assets.xcassets in Resources */,
			);
			runOnlyForDeploymentPostprocessing = 0;
		};
/* End PBXResourcesBuildPhase section */

/* Begin PBXSourcesBuildPhase section */
		CF1C1EB626F3A797001B2D1E /* Sources */ = {
			isa = PBXSourcesBuildPhase;
			buildActionMask = 2147483647;
			files = (
				CF1C1EE526F3CF2C001B2D1E /* PlayerView.swift in Sources */,
				CF1C1ED626F3CE19001B2D1E /* PlaybackValue.swift in Sources */,
				CF1C1EE126F3CEE6001B2D1E /* PlayerViewModel.swift in Sources */,
				CF1C1ED226F3CCD5001B2D1E /* Image+Additions.swift in Sources */,
				CF1C1EDA26F3CE53001B2D1E /* PlayerTime.swift in Sources */,
				CF1C1ECF26F3CC9C001B2D1E /* Color+Additions.swift in Sources */,
				CF1C1EBE26F3A797001B2D1E /* DemoCoreAudioApp.swift in Sources */,
				CF1C1EDD26F3CE7E001B2D1E /* TimeConstant.swift in Sources */,
			);
			runOnlyForDeploymentPostprocessing = 0;
		};
/* End PBXSourcesBuildPhase section */

/* Begin XCBuildConfiguration section */
		CF1C1EC726F3A7A2001B2D1E /* Debug */ = {
			isa = XCBuildConfiguration;
			buildSettings = {
				ALWAYS_SEARCH_USER_PATHS = NO;
				CLANG_ANALYZER_NONNULL = YES;
				CLANG_ANALYZER_NUMBER_OBJECT_CONVERSION = YES_AGGRESSIVE;
				CLANG_CXX_LANGUAGE_STANDARD = "gnu++14";
				CLANG_CXX_LIBRARY = "libc++";
				CLANG_ENABLE_MODULES = YES;
				CLANG_ENABLE_OBJC_ARC = YES;
				CLANG_ENABLE_OBJC_WEAK = YES;
				CLANG_WARN_BLOCK_CAPTURE_AUTORELEASING = YES;
				CLANG_WARN_BOOL_CONVERSION = YES;
				CLANG_WARN_COMMA = YES;
				CLANG_WARN_CONSTANT_CONVERSION = YES;
				CLANG_WARN_DEPRECATED_OBJC_IMPLEMENTATIONS = YES;
				CLANG_WARN_DIRECT_OBJC_ISA_USAGE = YES_ERROR;
				CLANG_WARN_DOCUMENTATION_COMMENTS = YES;
				CLANG_WARN_EMPTY_BODY = YES;
				CLANG_WARN_ENUM_CONVERSION = YES;
				CLANG_WARN_INFINITE_RECURSION = YES;
				CLANG_WARN_INT_CONVERSION = YES;
				CLANG_WARN_NON_LITERAL_NULL_CONVERSION = YES;
				CLANG_WARN_OBJC_IMPLICIT_RETAIN_SELF = YES;
				CLANG_WARN_OBJC_LITERAL_CONVERSION = YES;
				CLANG_WARN_OBJC_ROOT_CLASS = YES_ERROR;
				CLANG_WARN_QUOTED_INCLUDE_IN_FRAMEWORK_HEADER = YES;
				CLANG_WARN_RANGE_LOOP_ANALYSIS = YES;
				CLANG_WARN_STRICT_PROTOTYPES = YES;
				CLANG_WARN_SUSPICIOUS_MOVE = YES;
				CLANG_WARN_UNGUARDED_AVAILABILITY = YES_AGGRESSIVE;
				CLANG_WARN_UNREACHABLE_CODE = YES;
				CLANG_WARN__DUPLICATE_METHOD_MATCH = YES;
				COPY_PHASE_STRIP = NO;
				DEBUG_INFORMATION_FORMAT = dwarf;
				ENABLE_STRICT_OBJC_MSGSEND = YES;
				ENABLE_TESTABILITY = YES;
				GCC_C_LANGUAGE_STANDARD = gnu11;
				GCC_DYNAMIC_NO_PIC = NO;
				GCC_NO_COMMON_BLOCKS = YES;
				GCC_OPTIMIZATION_LEVEL = 0;
				GCC_PREPROCESSOR_DEFINITIONS = (
					"DEBUG=1",
					"$(inherited)",
				);
				GCC_WARN_64_TO_32_BIT_CONVERSION = YES;
				GCC_WARN_ABOUT_RETURN_TYPE = YES_ERROR;
				GCC_WARN_UNDECLARED_SELECTOR = YES;
				GCC_WARN_UNINITIALIZED_AUTOS = YES_AGGRESSIVE;
				GCC_WARN_UNUSED_FUNCTION = YES;
				GCC_WARN_UNUSED_VARIABLE = YES;
				IPHONEOS_DEPLOYMENT_TARGET = 14.2;
				MTL_ENABLE_DEBUG_INFO = INCLUDE_SOURCE;
				MTL_FAST_MATH = YES;
				ONLY_ACTIVE_ARCH = YES;
				SDKROOT = iphoneos;
				SWIFT_ACTIVE_COMPILATION_CONDITIONS = DEBUG;
				SWIFT_OPTIMIZATION_LEVEL = "-Onone";
			};
			name = Debug;
		};
		CF1C1EC826F3A7A2001B2D1E /* Release */ = {
			isa = XCBuildConfiguration;
			buildSettings = {
				ALWAYS_SEARCH_USER_PATHS = NO;
				CLANG_ANALYZER_NONNULL = YES;
				CLANG_ANALYZER_NUMBER_OBJECT_CONVERSION = YES_AGGRESSIVE;
				CLANG_CXX_LANGUAGE_STANDARD = "gnu++14";
				CLANG_CXX_LIBRARY = "libc++";
				CLANG_ENABLE_MODULES = YES;
				CLANG_ENABLE_OBJC_ARC = YES;
				CLANG_ENABLE_OBJC_WEAK = YES;
				CLANG_WARN_BLOCK_CAPTURE_AUTORELEASING = YES;
				CLANG_WARN_BOOL_CONVERSION = YES;
				CLANG_WARN_COMMA = YES;
				CLANG_WARN_CONSTANT_CONVERSION = YES;
				CLANG_WARN_DEPRECATED_OBJC_IMPLEMENTATIONS = YES;
				CLANG_WARN_DIRECT_OBJC_ISA_USAGE = YES_ERROR;
				CLANG_WARN_DOCUMENTATION_COMMENTS = YES;
				CLANG_WARN_EMPTY_BODY = YES;
				CLANG_WARN_ENUM_CONVERSION = YES;
				CLANG_WARN_INFINITE_RECURSION = YES;
				CLANG_WARN_INT_CONVERSION = YES;
				CLANG_WARN_NON_LITERAL_NULL_CONVERSION = YES;
				CLANG_WARN_OBJC_IMPLICIT_RETAIN_SELF = YES;
				CLANG_WARN_OBJC_LITERAL_CONVERSION = YES;
				CLANG_WARN_OBJC_ROOT_CLASS = YES_ERROR;
				CLANG_WARN_QUOTED_INCLUDE_IN_FRAMEWORK_HEADER = YES;
				CLANG_WARN_RANGE_LOOP_ANALYSIS = YES;
				CLANG_WARN_STRICT_PROTOTYPES = YES;
				CLANG_WARN_SUSPICIOUS_MOVE = YES;
				CLANG_WARN_UNGUARDED_AVAILABILITY = YES_AGGRESSIVE;
				CLANG_WARN_UNREACHABLE_CODE = YES;
				CLANG_WARN__DUPLICATE_METHOD_MATCH = YES;
				COPY_PHASE_STRIP = NO;
				DEBUG_INFORMATION_FORMAT = "dwarf-with-dsym";
				ENABLE_NS_ASSERTIONS = NO;
				ENABLE_STRICT_OBJC_MSGSEND = YES;
				GCC_C_LANGUAGE_STANDARD = gnu11;
				GCC_NO_COMMON_BLOCKS = YES;
				GCC_WARN_64_TO_32_BIT_CONVERSION = YES;
				GCC_WARN_ABOUT_RETURN_TYPE = YES_ERROR;
				GCC_WARN_UNDECLARED_SELECTOR = YES;
				GCC_WARN_UNINITIALIZED_AUTOS = YES_AGGRESSIVE;
				GCC_WARN_UNUSED_FUNCTION = YES;
				GCC_WARN_UNUSED_VARIABLE = YES;
				IPHONEOS_DEPLOYMENT_TARGET = 14.2;
				MTL_ENABLE_DEBUG_INFO = NO;
				MTL_FAST_MATH = YES;
				SDKROOT = iphoneos;
				SWIFT_COMPILATION_MODE = wholemodule;
				SWIFT_OPTIMIZATION_LEVEL = "-O";
				VALIDATE_PRODUCT = YES;
			};
			name = Release;
		};
		CF1C1ECA26F3A7A2001B2D1E /* Debug */ = {
			isa = XCBuildConfiguration;
			buildSettings = {
				ASSETCATALOG_COMPILER_APPICON_NAME = AppIcon;
				ASSETCATALOG_COMPILER_GLOBAL_ACCENT_COLOR_NAME = AccentColor;
				CODE_SIGN_STYLE = Automatic;
				DEVELOPMENT_ASSET_PATHS = "\"DemoCoreAudio/Preview Content\"";
				DEVELOPMENT_TEAM = N8K8H4L8Y4;
				ENABLE_PREVIEWS = YES;
				INFOPLIST_FILE = DemoCoreAudio/Info.plist;
				IPHONEOS_DEPLOYMENT_TARGET = 14.0;
				LD_RUNPATH_SEARCH_PATHS = (
					"$(inherited)",
					"@executable_path/Frameworks",
				);
				PRODUCT_BUNDLE_IDENTIFIER = "-.DemoCoreAudio";
				PRODUCT_NAME = "$(TARGET_NAME)";
				SWIFT_VERSION = 5.0;
				TARGETED_DEVICE_FAMILY = "1,2";
			};
			name = Debug;
		};
		CF1C1ECB26F3A7A2001B2D1E /* Release */ = {
			isa = XCBuildConfiguration;
			buildSettings = {
				ASSETCATALOG_COMPILER_APPICON_NAME = AppIcon;
				ASSETCATALOG_COMPILER_GLOBAL_ACCENT_COLOR_NAME = AccentColor;
				CODE_SIGN_STYLE = Automatic;
				DEVELOPMENT_ASSET_PATHS = "\"DemoCoreAudio/Preview Content\"";
				DEVELOPMENT_TEAM = N8K8H4L8Y4;
				ENABLE_PREVIEWS = YES;
				INFOPLIST_FILE = DemoCoreAudio/Info.plist;
				IPHONEOS_DEPLOYMENT_TARGET = 14.0;
				LD_RUNPATH_SEARCH_PATHS = (
					"$(inherited)",
					"@executable_path/Frameworks",
				);
				PRODUCT_BUNDLE_IDENTIFIER = "-.DemoCoreAudio";
				PRODUCT_NAME = "$(TARGET_NAME)";
				SWIFT_VERSION = 5.0;
				TARGETED_DEVICE_FAMILY = "1,2";
			};
			name = Release;
		};
/* End XCBuildConfiguration section */

/* Begin XCConfigurationList section */
		CF1C1EB526F3A797001B2D1E /* Build configuration list for PBXProject "DemoCoreAudio" */ = {
			isa = XCConfigurationList;
			buildConfigurations = (
				CF1C1EC726F3A7A2001B2D1E /* Debug */,
				CF1C1EC826F3A7A2001B2D1E /* Release */,
			);
			defaultConfigurationIsVisible = 0;
			defaultConfigurationName = Release;
		};
		CF1C1EC926F3A7A2001B2D1E /* Build configuration list for PBXNativeTarget "DemoCoreAudio" */ = {
			isa = XCConfigurationList;
			buildConfigurations = (
				CF1C1ECA26F3A7A2001B2D1E /* Debug */,
				CF1C1ECB26F3A7A2001B2D1E /* Release */,
			);
			defaultConfigurationIsVisible = 0;
			defaultConfigurationName = Release;
		};
/* End XCConfigurationList section */
	};
	rootObject = CF1C1EB226F3A797001B2D1E /* Project object */;
}
